
Microsoft Visual Studio Solution File, Format Version 12.00
# Visual Studio Version 16
VisualStudioVersion = 16.0.31313.79
MinimumVisualStudioVersion = 10.0.40219.1
Project("{FAE04EC0-301F-11D3-BF4B-00C04F79EFBC}") = "ExtensionMethodsLesson", "ExtensionMethodsLesson\ExtensionMethodsLesson.csproj", "{FF6C2E64-9FE6-455F-A0A4-F5DCFB80F543}"
EndProject
Global
	GlobalSection(SolutionConfigurationPlatforms) = preSolution
		Debug|Any CPU = Debug|Any CPU
		Release|Any CPU = Release|Any CPU
	EndGlobalSection
	GlobalSection(ProjectConfigurationPlatforms) = postSolution
		{FF6C2E64-9FE6-455F-A0A4-F5DCFB80F543}.Debug|Any CPU.ActiveCfg = Debug|Any CPU
		{FF6C2E64-9FE6-455F-A0A4-F5DCFB80F543}.Debug|Any CPU.Build.0 = Debug|Any CPU
		{FF6C2E64-9FE6-455F-A0A4-F5DCFB80F543}.Release|Any CPU.ActiveCfg = Release|Any CPU
		{FF6C2E64-9FE6-455F-A0A4-F5DCFB80F543}.Release|Any CPU.Build.0 = Release|Any CPU
	EndGlobalSection
	GlobalSection(SolutionProperties) = preSolution
		HideSolutionNode = FALSE
	EndGlobalSection
	GlobalSection(ExtensibilityGlobals) = postSolution
		SolutionGuid = {3E295BDB-0E77-4A4D-8B76-469568B6D94A}
	EndGlobalSection
EndGlobal
